
Microsoft Visual Studio Solution File, Format Version 12.00
# Visual Studio 14
VisualStudioVersion = 14.0.25420.1
MinimumVisualStudioVersion = 10.0.40219.1
Project("{2150E333-8FDC-42A3-9474-1A3956D46DE8}") = "SolutionFiles", "SolutionFiles", "{3B0F0067-E652-4915-86BA-0B6595ABF789}"
	ProjectSection(SolutionItems) = preProject
		Settings.StyleCop = Settings.StyleCop
	EndProjectSection
EndProject
Project("{FAE04EC0-301F-11D3-BF4B-00C04F79EFBC}") = "Demo.JobServer", "Demo.JobServer\Demo.JobServer.csproj", "{344C608D-CDE6-4E13-973E-B517EB66596B}"
EndProject
Project("{FAE04EC0-301F-11D3-BF4B-00C04F79EFBC}") = "Demo.JobRunner", "Demo.JobRunner\Demo.JobRunner.csproj", "{41B720F3-A119-41BF-AE09-C248BA525B83}"
EndProject
Project("{FAE04EC0-301F-11D3-BF4B-00C04F79EFBC}") = "Demo.MyJobs", "Demo.MyJobs\Demo.MyJobs.csproj", "{F1C2E1E1-815D-4D07-91A2-FD8BEE8C4240}"
EndProject
Project("{FAE04EC0-301F-11D3-BF4B-00C04F79EFBC}") = "Demo.Client", "Demo.Client\Demo.Client.csproj", "{78A1F3B5-B2BF-4237-B5BB-60F4D10E76CB}"
EndProject
Project("{2150E333-8FDC-42A3-9474-1A3956D46DE8}") = "build", "build", "{2195B586-1471-44DA-AF15-B295A6A6A640}"
	ProjectSection(SolutionItems) = preProject
		appveyor.yml = appveyor.yml
	EndProjectSection
EndProject
Global
	GlobalSection(SolutionConfigurationPlatforms) = preSolution
		Debug|Any CPU = Debug|Any CPU
		Release|Any CPU = Release|Any CPU
	EndGlobalSection
	GlobalSection(ProjectConfigurationPlatforms) = postSolution
		{344C608D-CDE6-4E13-973E-B517EB66596B}.Debug|Any CPU.ActiveCfg = Debug|Any CPU
		{344C608D-CDE6-4E13-973E-B517EB66596B}.Debug|Any CPU.Build.0 = Debug|Any CPU
		{344C608D-CDE6-4E13-973E-B517EB66596B}.Release|Any CPU.ActiveCfg = Release|Any CPU
		{344C608D-CDE6-4E13-973E-B517EB66596B}.Release|Any CPU.Build.0 = Release|Any CPU
		{41B720F3-A119-41BF-AE09-C248BA525B83}.Debug|Any CPU.ActiveCfg = Debug|Any CPU
		{41B720F3-A119-41BF-AE09-C248BA525B83}.Debug|Any CPU.Build.0 = Debug|Any CPU
		{41B720F3-A119-41BF-AE09-C248BA525B83}.Release|Any CPU.ActiveCfg = Release|Any CPU
		{41B720F3-A119-41BF-AE09-C248BA525B83}.Release|Any CPU.Build.0 = Release|Any CPU
		{F1C2E1E1-815D-4D07-91A2-FD8BEE8C4240}.Debug|Any CPU.ActiveCfg = Debug|Any CPU
		{F1C2E1E1-815D-4D07-91A2-FD8BEE8C4240}.Debug|Any CPU.Build.0 = Debug|Any CPU
		{F1C2E1E1-815D-4D07-91A2-FD8BEE8C4240}.Release|Any CPU.ActiveCfg = Release|Any CPU
		{F1C2E1E1-815D-4D07-91A2-FD8BEE8C4240}.Release|Any CPU.Build.0 = Release|Any CPU
		{78A1F3B5-B2BF-4237-B5BB-60F4D10E76CB}.Debug|Any CPU.ActiveCfg = Debug|Any CPU
		{78A1F3B5-B2BF-4237-B5BB-60F4D10E76CB}.Debug|Any CPU.Build.0 = Debug|Any CPU
		{78A1F3B5-B2BF-4237-B5BB-60F4D10E76CB}.Release|Any CPU.ActiveCfg = Release|Any CPU
		{78A1F3B5-B2BF-4237-B5BB-60F4D10E76CB}.Release|Any CPU.Build.0 = Release|Any CPU
	EndGlobalSection
	GlobalSection(SolutionProperties) = preSolution
		HideSolutionNode = FALSE
	EndGlobalSection
EndGlobal
